
Microsoft Visual Studio Solution File, Format Version 12.00
# Visual Studio Version 17
VisualStudioVersion = 17.5.002.0
MinimumVisualStudioVersion = 10.0.40219.1
Project("{2150E333-8FDC-42A3-9474-1A3956D46DE8}") = "csharp-prep", "csharp-prep", "{4EFF447A-C0E4-4E60-A5BF-2E54EE7DBDCE}"
EndProject
Project("{9A19103F-16F7-4668-BE54-9A1E7A4F7556}") = "Prep1", "csharp-prep\Prep1\Prep1.csproj", "{B2C614DB-CE1A-45AC-BE91-780F9AA34C41}"
EndProject
Project("{9A19103F-16F7-4668-BE54-9A1E7A4F7556}") = "Prep2", "csharp-prep\Prep2\Prep2.csproj", "{A09E2BC6-6FD9-4E50-BDD5-701BD03BBD3D}"
EndProject
Project("{9A19103F-16F7-4668-BE54-9A1E7A4F7556}") = "Prep3", "csharp-prep\Prep3\Prep3.csproj", "{00675583-1E1D-4089-8A7A-F8E5967DBC84}"
EndProject
Project("{9A19103F-16F7-4668-BE54-9A1E7A4F7556}") = "Prep4", "csharp-prep\Prep4\Prep4.csproj", "{85B33725-7BD3-469C-8DE1-B0512B0BE43A}"
EndProject
Project("{9A19103F-16F7-4668-BE54-9A1E7A4F7556}") = "Prep5", "csharp-prep\Prep5\Prep5.csproj", "{AA4C2802-0805-431A-8750-464AAC212A22}"
EndProject
Project("{2150E333-8FDC-42A3-9474-1A3956D46DE8}") = "final", "final", "{EC086E75-82B9-41CE-A87A-7332CB7EF47D}"
EndProject
Project("{9A19103F-16F7-4668-BE54-9A1E7A4F7556}") = "FinalProject", "final\FinalProject\FinalProject.csproj", "{54CA380D-63F8-4CDE-B183-E456A0D5F33B}"
EndProject
Project("{9A19103F-16F7-4668-BE54-9A1E7A4F7556}") = "Foundation1", "final\Foundation1\Foundation1.csproj", "{EE57301A-79A2-4023-B906-5223A73137A2}"
EndProject
Project("{9A19103F-16F7-4668-BE54-9A1E7A4F7556}") = "Foundation2", "final\Foundation2\Foundation2.csproj", "{149E7BD0-163D-4F67-923D-A7ED30D29E14}"
EndProject
Project("{9A19103F-16F7-4668-BE54-9A1E7A4F7556}") = "Foundation3", "final\Foundation3\Foundation3.csproj", "{690F5DD8-8DB2-401E-AE07-32F750BECC98}"
EndProject
Project("{9A19103F-16F7-4668-BE54-9A1E7A4F7556}") = "Foundation4", "final\Foundation4\Foundation4.csproj", "{8339148E-A965-4510-9AA4-01C5FABA4C77}"
EndProject
Project("{2150E333-8FDC-42A3-9474-1A3956D46DE8}") = "prepare", "prepare", "{9DFAC5FD-540E-41FF-83AF-A360E81B25B0}"
EndProject
Project("{9A19103F-16F7-4668-BE54-9A1E7A4F7556}") = "Learning02", "prepare\Learning02\Learning02.csproj", "{75DD8CE7-585A-4744-BD02-04A810F1233A}"
EndProject
Project("{9A19103F-16F7-4668-BE54-9A1E7A4F7556}") = "Learning03", "prepare\Learning03\Learning03.csproj", "{DC1F4ED3-EF95-46A4-B28E-FCC364D42707}"
EndProject
Project("{9A19103F-16F7-4668-BE54-9A1E7A4F7556}") = "Learning04", "prepare\Learning04\Learning04.csproj", "{773762AF-3244-45BD-BD1E-00DD6C93EFF7}"
EndProject
Project("{9A19103F-16F7-4668-BE54-9A1E7A4F7556}") = "Learning05", "prepare\Learning05\Learning05.csproj", "{64595C36-2DAA-4772-846C-71A4A61CC5D3}"
EndProject
Project("{2150E333-8FDC-42A3-9474-1A3956D46DE8}") = "prove", "prove", "{19572694-D958-4A16-BA1C-C60948F418C5}"
EndProject
Project("{9A19103F-16F7-4668-BE54-9A1E7A4F7556}") = "Develop02", "prove\Develop02\Develop02.csproj", "{EB9F5BF3-67D2-45A1-A9CA-B2E0545B4E58}"
EndProject
Project("{9A19103F-16F7-4668-BE54-9A1E7A4F7556}") = "Develop03", "prove\Develop03\Develop03.csproj", "{38258BA7-374A-4768-BFAB-C6C5C62A9BA0}"
EndProject
Project("{9A19103F-16F7-4668-BE54-9A1E7A4F7556}") = "Develop04", "prove\Develop04\Develop04.csproj", "{153AB586-63F5-44AF-A81B-B1A43C82FAF3}"
EndProject
Project("{9A19103F-16F7-4668-BE54-9A1E7A4F7556}") = "Develop05", "prove\Develop05\Develop05.csproj", "{F4DDC064-E696-416C-86A8-7374855DCE68}"
EndProject
Project("{2150E333-8FDC-42A3-9474-1A3956D46DE8}") = "sandbox", "sandbox", "{72A698AA-DD54-4325-BADB-9F96999C52E0}"
EndProject
Project("{9A19103F-16F7-4668-BE54-9A1E7A4F7556}") = "Sandbox", "sandbox\Sandbox\Sandbox.csproj", "{B26D385C-08E7-4506-9268-39DA43B0C545}"
EndProject
Global
	GlobalSection(SolutionConfigurationPlatforms) = preSolution
		Debug|Any CPU = Debug|Any CPU
		Release|Any CPU = Release|Any CPU
	EndGlobalSection
	GlobalSection(ProjectConfigurationPlatforms) = postSolution
		{B2C614DB-CE1A-45AC-BE91-780F9AA34C41}.Debug|Any CPU.ActiveCfg = Debug|Any CPU
		{B2C614DB-CE1A-45AC-BE91-780F9AA34C41}.Debug|Any CPU.Build.0 = Debug|Any CPU
		{B2C614DB-CE1A-45AC-BE91-780F9AA34C41}.Release|Any CPU.ActiveCfg = Release|Any CPU
		{B2C614DB-CE1A-45AC-BE91-780F9AA34C41}.Release|Any CPU.Build.0 = Release|Any CPU
		{A09E2BC6-6FD9-4E50-BDD5-701BD03BBD3D}.Debug|Any CPU.ActiveCfg = Debug|Any CPU
		{A09E2BC6-6FD9-4E50-BDD5-701BD03BBD3D}.Debug|Any CPU.Build.0 = Debug|Any CPU
		{A09E2BC6-6FD9-4E50-BDD5-701BD03BBD3D}.Release|Any CPU.ActiveCfg = Release|Any CPU
		{A09E2BC6-6FD9-4E50-BDD5-701BD03BBD3D}.Release|Any CPU.Build.0 = Release|Any CPU
		{00675583-1E1D-4089-8A7A-F8E5967DBC84}.Debug|Any CPU.ActiveCfg = Debug|Any CPU
		{00675583-1E1D-4089-8A7A-F8E5967DBC84}.Debug|Any CPU.Build.0 = Debug|Any CPU
		{00675583-1E1D-4089-8A7A-F8E5967DBC84}.Release|Any CPU.ActiveCfg = Release|Any CPU
		{00675583-1E1D-4089-8A7A-F8E5967DBC84}.Release|Any CPU.Build.0 = Release|Any CPU
		{85B33725-7BD3-469C-8DE1-B0512B0BE43A}.Debug|Any CPU.ActiveCfg = Debug|Any CPU
		{85B33725-7BD3-469C-8DE1-B0512B0BE43A}.Debug|Any CPU.Build.0 = Debug|Any CPU
		{85B33725-7BD3-469C-8DE1-B0512B0BE43A}.Release|Any CPU.ActiveCfg = Release|Any CPU
		{85B33725-7BD3-469C-8DE1-B0512B0BE43A}.Release|Any CPU.Build.0 = Release|Any CPU
		{AA4C2802-0805-431A-8750-464AAC212A22}.Debug|Any CPU.ActiveCfg = Debug|Any CPU
		{AA4C2802-0805-431A-8750-464AAC212A22}.Debug|Any CPU.Build.0 = Debug|Any CPU
		{AA4C2802-0805-431A-8750-464AAC212A22}.Release|Any CPU.ActiveCfg = Release|Any CPU
		{AA4C2802-0805-431A-8750-464AAC212A22}.Release|Any CPU.Build.0 = Release|Any CPU
		{54CA380D-63F8-4CDE-B183-E456A0D5F33B}.Debug|Any CPU.ActiveCfg = Debug|Any CPU
		{54CA380D-63F8-4CDE-B183-E456A0D5F33B}.Debug|Any CPU.Build.0 = Debug|Any CPU
		{54CA380D-63F8-4CDE-B183-E456A0D5F33B}.Release|Any CPU.ActiveCfg = Release|Any CPU
		{54CA380D-63F8-4CDE-B183-E456A0D5F33B}.Release|Any CPU.Build.0 = Release|Any CPU
		{EE57301A-79A2-4023-B906-5223A73137A2}.Debug|Any CPU.ActiveCfg = Debug|Any CPU
		{EE57301A-79A2-4023-B906-5223A73137A2}.Debug|Any CPU.Build.0 = Debug|Any CPU
		{EE57301A-79A2-4023-B906-5223A73137A2}.Release|Any CPU.ActiveCfg = Release|Any CPU
		{EE57301A-79A2-4023-B906-5223A73137A2}.Release|Any CPU.Build.0 = Release|Any CPU
		{149E7BD0-163D-4F67-923D-A7ED30D29E14}.Debug|Any CPU.ActiveCfg = Debug|Any CPU
		{149E7BD0-163D-4F67-923D-A7ED30D29E14}.Debug|Any CPU.Build.0 = Debug|Any CPU
		{149E7BD0-163D-4F67-923D-A7ED30D29E14}.Release|Any CPU.ActiveCfg = Release|Any CPU
		{149E7BD0-163D-4F67-923D-A7ED30D29E14}.Release|Any CPU.Build.0 = Release|Any CPU
		{690F5DD8-8DB2-401E-AE07-32F750BECC98}.Debug|Any CPU.ActiveCfg = Debug|Any CPU
		{690F5DD8-8DB2-401E-AE07-32F750BECC98}.Debug|Any CPU.Build.0 = Debug|Any CPU
		{690F5DD8-8DB2-401E-AE07-32F750BECC98}.Release|Any CPU.ActiveCfg = Release|Any CPU
		{690F5DD8-8DB2-401E-AE07-32F750BECC98}.Release|Any CPU.Build.0 = Release|Any CPU
		{8339148E-A965-4510-9AA4-01C5FABA4C77}.Debug|Any CPU.ActiveCfg = Debug|Any CPU
		{8339148E-A965-4510-9AA4-01C5FABA4C77}.Debug|Any CPU.Build.0 = Debug|Any CPU
		{8339148E-A965-4510-9AA4-01C5FABA4C77}.Release|Any CPU.ActiveCfg = Release|Any CPU
		{8339148E-A965-4510-9AA4-01C5FABA4C77}.Release|Any CPU.Build.0 = Release|Any CPU
		{75DD8CE7-585A-4744-BD02-04A810F1233A}.Debug|Any CPU.ActiveCfg = Debug|Any CPU
		{75DD8CE7-585A-4744-BD02-04A810F1233A}.Debug|Any CPU.Build.0 = Debug|Any CPU
		{75DD8CE7-585A-4744-BD02-04A810F1233A}.Release|Any CPU.ActiveCfg = Release|Any CPU
		{75DD8CE7-585A-4744-BD02-04A810F1233A}.Release|Any CPU.Build.0 = Release|Any CPU
		{DC1F4ED3-EF95-46A4-B28E-FCC364D42707}.Debug|Any CPU.ActiveCfg = Debug|Any CPU
		{DC1F4ED3-EF95-46A4-B28E-FCC364D42707}.Debug|Any CPU.Build.0 = Debug|Any CPU
		{DC1F4ED3-EF95-46A4-B28E-FCC364D42707}.Release|Any CPU.ActiveCfg = Release|Any CPU
		{DC1F4ED3-EF95-46A4-B28E-FCC364D42707}.Release|Any CPU.Build.0 = Release|Any CPU
		{773762AF-3244-45BD-BD1E-00DD6C93EFF7}.Debug|Any CPU.ActiveCfg = Debug|Any CPU
		{773762AF-3244-45BD-BD1E-00DD6C93EFF7}.Debug|Any CPU.Build.0 = Debug|Any CPU
		{773762AF-3244-45BD-BD1E-00DD6C93EFF7}.Release|Any CPU.ActiveCfg = Release|Any CPU
		{773762AF-3244-45BD-BD1E-00DD6C93EFF7}.Release|Any CPU.Build.0 = Release|Any CPU
		{64595C36-2DAA-4772-846C-71A4A61CC5D3}.Debug|Any CPU.ActiveCfg = Debug|Any CPU
		{64595C36-2DAA-4772-846C-71A4A61CC5D3}.Debug|Any CPU.Build.0 = Debug|Any CPU
		{64595C36-2DAA-4772-846C-71A4A61CC5D3}.Release|Any CPU.ActiveCfg = Release|Any CPU
		{64595C36-2DAA-4772-846C-71A4A61CC5D3}.Release|Any CPU.Build.0 = Release|Any CPU
		{EB9F5BF3-67D2-45A1-A9CA-B2E0545B4E58}.Debug|Any CPU.ActiveCfg = Debug|Any CPU
		{EB9F5BF3-67D2-45A1-A9CA-B2E0545B4E58}.Debug|Any CPU.Build.0 = Debug|Any CPU
		{EB9F5BF3-67D2-45A1-A9CA-B2E0545B4E58}.Release|Any CPU.ActiveCfg = Release|Any CPU
		{EB9F5BF3-67D2-45A1-A9CA-B2E0545B4E58}.Release|Any CPU.Build.0 = Release|Any CPU
		{38258BA7-374A-4768-BFAB-C6C5C62A9BA0}.Debug|Any CPU.ActiveCfg = Debug|Any CPU
		{38258BA7-374A-4768-BFAB-C6C5C62A9BA0}.Debug|Any CPU.Build.0 = Debug|Any CPU
		{38258BA7-374A-4768-BFAB-C6C5C62A9BA0}.Release|Any CPU.ActiveCfg = Release|Any CPU
		{38258BA7-374A-4768-BFAB-C6C5C62A9BA0}.Release|Any CPU.Build.0 = Release|Any CPU
		{153AB586-63F5-44AF-A81B-B1A43C82FAF3}.Debug|Any CPU.ActiveCfg = Debug|Any CPU
		{153AB586-63F5-44AF-A81B-B1A43C82FAF3}.Debug|Any CPU.Build.0 = Debug|Any CPU
		{153AB586-63F5-44AF-A81B-B1A43C82FAF3}.Release|Any CPU.ActiveCfg = Release|Any CPU
		{153AB586-63F5-44AF-A81B-B1A43C82FAF3}.Release|Any CPU.Build.0 = Release|Any CPU
		{F4DDC064-E696-416C-86A8-7374855DCE68}.Debug|Any CPU.ActiveCfg = Debug|Any CPU
		{F4DDC064-E696-416C-86A8-7374855DCE68}.Debug|Any CPU.Build.0 = Debug|Any CPU
		{F4DDC064-E696-416C-86A8-7374855DCE68}.Release|Any CPU.ActiveCfg = Release|Any CPU
		{F4DDC064-E696-416C-86A8-7374855DCE68}.Release|Any CPU.Build.0 = Release|Any CPU
		{B26D385C-08E7-4506-9268-39DA43B0C545}.Debug|Any CPU.ActiveCfg = Debug|Any CPU
		{B26D385C-08E7-4506-9268-39DA43B0C545}.Debug|Any CPU.Build.0 = Debug|Any CPU
		{B26D385C-08E7-4506-9268-39DA43B0C545}.Release|Any CPU.ActiveCfg = Release|Any CPU
		{B26D385C-08E7-4506-9268-39DA43B0C545}.Release|Any CPU.Build.0 = Release|Any CPU
	EndGlobalSection
	GlobalSection(SolutionProperties) = preSolution
		HideSolutionNode = FALSE
	EndGlobalSection
	GlobalSection(NestedProjects) = preSolution
		{B2C614DB-CE1A-45AC-BE91-780F9AA34C41} = {4EFF447A-C0E4-4E60-A5BF-2E54EE7DBDCE}
		{A09E2BC6-6FD9-4E50-BDD5-701BD03BBD3D} = {4EFF447A-C0E4-4E60-A5BF-2E54EE7DBDCE}
		{00675583-1E1D-4089-8A7A-F8E5967DBC84} = {4EFF447A-C0E4-4E60-A5BF-2E54EE7DBDCE}
		{85B33725-7BD3-469C-8DE1-B0512B0BE43A} = {4EFF447A-C0E4-4E60-A5BF-2E54EE7DBDCE}
		{AA4C2802-0805-431A-8750-464AAC212A22} = {4EFF447A-C0E4-4E60-A5BF-2E54EE7DBDCE}
		{54CA380D-63F8-4CDE-B183-E456A0D5F33B} = {EC086E75-82B9-41CE-A87A-7332CB7EF47D}
		{EE57301A-79A2-4023-B906-5223A73137A2} = {EC086E75-82B9-41CE-A87A-7332CB7EF47D}
		{149E7BD0-163D-4F67-923D-A7ED30D29E14} = {EC086E75-82B9-41CE-A87A-7332CB7EF47D}
		{690F5DD8-8DB2-401E-AE07-32F750BECC98} = {EC086E75-82B9-41CE-A87A-7332CB7EF47D}
		{8339148E-A965-4510-9AA4-01C5FABA4C77} = {EC086E75-82B9-41CE-A87A-7332CB7EF47D}
		{75DD8CE7-585A-4744-BD02-04A810F1233A} = {9DFAC5FD-540E-41FF-83AF-A360E81B25B0}
		{DC1F4ED3-EF95-46A4-B28E-FCC364D42707} = {9DFAC5FD-540E-41FF-83AF-A360E81B25B0}
		{773762AF-3244-45BD-BD1E-00DD6C93EFF7} = {9DFAC5FD-540E-41FF-83AF-A360E81B25B0}
		{64595C36-2DAA-4772-846C-71A4A61CC5D3} = {9DFAC5FD-540E-41FF-83AF-A360E81B25B0}
		{EB9F5BF3-67D2-45A1-A9CA-B2E0545B4E58} = {19572694-D958-4A16-BA1C-C60948F418C5}
		{38258BA7-374A-4768-BFAB-C6C5C62A9BA0} = {19572694-D958-4A16-BA1C-C60948F418C5}
		{153AB586-63F5-44AF-A81B-B1A43C82FAF3} = {19572694-D958-4A16-BA1C-C60948F418C5}
		{F4DDC064-E696-416C-86A8-7374855DCE68} = {19572694-D958-4A16-BA1C-C60948F418C5}
		{B26D385C-08E7-4506-9268-39DA43B0C545} = {72A698AA-DD54-4325-BADB-9F96999C52E0}
	EndGlobalSection
	GlobalSection(ExtensibilityGlobals) = postSolution
		SolutionGuid = {573D3D5C-3DAC-4A90-BFB6-4AC13B8FB2B3}
	EndGlobalSection
EndGlobal
